
Microsoft Visual Studio Solution File, Format Version 12.00
# Visual Studio Version 17
VisualStudioVersion = 17.9.34714.143
MinimumVisualStudioVersion = 10.0.40219.1
Project("{FAE04EC0-301F-11D3-BF4B-00C04F79EFBC}") = "ForumProject", "ForumProject.csproj", "{A401A20A-A2A5-4016-9B20-CF555C28FFFE}"
EndProject
Global
	GlobalSection(SolutionConfigurationPlatforms) = preSolution
		Debug|Any CPU = Debug|Any CPU
		Release|Any CPU = Release|Any CPU
	EndGlobalSection
	GlobalSection(ProjectConfigurationPlatforms) = postSolution
		{A401A20A-A2A5-4016-9B20-CF555C28FFFE}.Debug|Any CPU.ActiveCfg = Debug|Any CPU
		{A401A20A-A2A5-4016-9B20-CF555C28FFFE}.Debug|Any CPU.Build.0 = Debug|Any CPU
		{A401A20A-A2A5-4016-9B20-CF555C28FFFE}.Release|Any CPU.ActiveCfg = Release|Any CPU
		{A401A20A-A2A5-4016-9B20-CF555C28FFFE}.Release|Any CPU.Build.0 = Release|Any CPU
	EndGlobalSection
	GlobalSection(SolutionProperties) = preSolution
		HideSolutionNode = FALSE
	EndGlobalSection
	GlobalSection(ExtensibilityGlobals) = postSolution
		SolutionGuid = {3B6F01E0-33B7-4728-8468-F35567E1BA0E}
	EndGlobalSection
EndGlobal
